// !$*UTF8*$!
{
	archiveVersion = 1;
	classes = {
	};
	objectVersion = 46;
	objects = {

/* Begin PBXBuildFile section */
		1DCD04ACAE518B93B9314455 /* Pods_newStore.framework in Frameworks */ = {isa = PBXBuildFile; fileRef = 7C3495241464A74D5F5A72B3 /* Pods_newStore.framework */; };
		4F72C1B21E88C18A0022B6B0 /* AppDelegate.swift in Sources */ = {isa = PBXBuildFile; fileRef = 4F72C1B11E88C18A0022B6B0 /* AppDelegate.swift */; };
		4F72C1B41E88C18A0022B6B0 /* ViewController.swift in Sources */ = {isa = PBXBuildFile; fileRef = 4F72C1B31E88C18A0022B6B0 /* ViewController.swift */; };
		4F72C1B71E88C18B0022B6B0 /* Main.storyboard in Resources */ = {isa = PBXBuildFile; fileRef = 4F72C1B51E88C18B0022B6B0 /* Main.storyboard */; };
		4F72C1B91E88C18B0022B6B0 /* Assets.xcassets in Resources */ = {isa = PBXBuildFile; fileRef = 4F72C1B81E88C18B0022B6B0 /* Assets.xcassets */; };
		4F72C1BC1E88C18B0022B6B0 /* LaunchScreen.storyboard in Resources */ = {isa = PBXBuildFile; fileRef = 4F72C1BA1E88C18B0022B6B0 /* LaunchScreen.storyboard */; };
/* End PBXBuildFile section */

/* Begin PBXFileReference section */
		4F72C1AE1E88C18A0022B6B0 /* newStore.app */ = {isa = PBXFileReference; explicitFileType = wrapper.application; includeInIndex = 0; path = newStore.app; sourceTree = BUILT_PRODUCTS_DIR; };
		4F72C1B11E88C18A0022B6B0 /* AppDelegate.swift */ = {isa = PBXFileReference; lastKnownFileType = sourcecode.swift; path = AppDelegate.swift; sourceTree = "<group>"; };
		4F72C1B31E88C18A0022B6B0 /* ViewController.swift */ = {isa = PBXFileReference; lastKnownFileType = sourcecode.swift; path = ViewController.swift; sourceTree = "<group>"; };
		4F72C1B61E88C18B0022B6B0 /* Base */ = {isa = PBXFileReference; lastKnownFileType = file.storyboard; name = Base; path = Base.lproj/Main.storyboard; sourceTree = "<group>"; };
		4F72C1B81E88C18B0022B6B0 /* Assets.xcassets */ = {isa = PBXFileReference; lastKnownFileType = folder.assetcatalog; path = Assets.xcassets; sourceTree = "<group>"; };
		4F72C1BB1E88C18B0022B6B0 /* Base */ = {isa = PBXFileReference; lastKnownFileType = file.storyboard; name = Base; path = Base.lproj/LaunchScreen.storyboard; sourceTree = "<group>"; };
		4F72C1BD1E88C18B0022B6B0 /* Info.plist */ = {isa = PBXFileReference; lastKnownFileType = text.plist.xml; path = Info.plist; sourceTree = "<group>"; };
		73FD7CC58B135E5F3143DB84 /* Pods-newStore.debug.xcconfig */ = {isa = PBXFileReference; includeInIndex = 1; lastKnownFileType = text.xcconfig; name = "Pods-newStore.debug.xcconfig"; path = "Pods/Target Support Files/Pods-newStore/Pods-newStore.debug.xcconfig"; sourceTree = "<group>"; };
		7C3495241464A74D5F5A72B3 /* Pods_newStore.framework */ = {isa = PBXFileReference; explicitFileType = wrapper.framework; includeInIndex = 0; path = Pods_newStore.framework; sourceTree = BUILT_PRODUCTS_DIR; };
		849CD236ADE3B5956DADB316 /* Pods-newStore.release.xcconfig */ = {isa = PBXFileReference; includeInIndex = 1; lastKnownFileType = text.xcconfig; name = "Pods-newStore.release.xcconfig"; path = "Pods/Target Support Files/Pods-newStore/Pods-newStore.release.xcconfig"; sourceTree = "<group>"; };
/* End PBXFileReference section */

/* Begin PBXFrameworksBuildPhase section */
		4F72C1AB1E88C1890022B6B0 /* Frameworks */ = {
			isa = PBXFrameworksBuildPhase;
			buildActionMask = 2147483647;
			files = (
				1DCD04ACAE518B93B9314455 /* Pods_newStore.framework in Frameworks */,
			);
			runOnlyForDeploymentPostprocessing = 0;
		};
/* End PBXFrameworksBuildPhase section */

/* Begin PBXGroup section */
		1FA2DC7E05B68BED6D258AA1 /* Pods */ = {
			isa = PBXGroup;
			children = (
				73FD7CC58B135E5F3143DB84 /* Pods-newStore.debug.xcconfig */,
				849CD236ADE3B5956DADB316 /* Pods-newStore.release.xcconfig */,
			);
			name = Pods;
			sourceTree = "<group>";
		};
		27113B8E475B57319375C882 /* Frameworks */ = {
			isa = PBXGroup;
			children = (
				7C3495241464A74D5F5A72B3 /* Pods_newStore.framework */,
			);
			name = Frameworks;
			sourceTree = "<group>";
		};
		4F72C1A51E88C1890022B6B0 = {
			isa = PBXGroup;
			children = (
				4F72C1B01E88C18A0022B6B0 /* newStore */,
				4F72C1AF1E88C18A0022B6B0 /* Products */,
				1FA2DC7E05B68BED6D258AA1 /* Pods */,
				27113B8E475B57319375C882 /* Frameworks */,
			);
			sourceTree = "<group>";
		};
		4F72C1AF1E88C18A0022B6B0 /* Products */ = {
			isa = PBXGroup;
			children = (
				4F72C1AE1E88C18A0022B6B0 /* newStore.app */,
			);
			name = Products;
			sourceTree = "<group>";
		};
		4F72C1B01E88C18A0022B6B0 /* newStore */ = {
			isa = PBXGroup;
			children = (
				4F72C1B11E88C18A0022B6B0 /* AppDelegate.swift */,
				4F72C1B31E88C18A0022B6B0 /* ViewController.swift */,
				4F72C1B51E88C18B0022B6B0 /* Main.storyboard */,
				4F72C1B81E88C18B0022B6B0 /* Assets.xcassets */,
				4F72C1BA1E88C18B0022B6B0 /* LaunchScreen.storyboard */,
				4F72C1BD1E88C18B0022B6B0 /* Info.plist */,
			);
			path = newStore;
			sourceTree = "<group>";
		};
/* End PBXGroup section */

/* Begin PBXNativeTarget section */
		4F72C1AD1E88C1890022B6B0 /* newStore */ = {
			isa = PBXNativeTarget;
			buildConfigurationList = 4F72C1C01E88C18B0022B6B0 /* Build configuration list for PBXNativeTarget "newStore" */;
			buildPhases = (
				8C5DEDCD3FF07C445D2A910E /* [CP] Check Pods Manifest.lock */,
				4F72C1AA1E88C1890022B6B0 /* Sources */,
				4F72C1AB1E88C1890022B6B0 /* Frameworks */,
				4F72C1AC1E88C1890022B6B0 /* Resources */,
				694149F83BB536CEF7DC8D1A /* [CP] Embed Pods Frameworks */,
				DD3D4991526076752E13A179 /* [CP] Copy Pods Resources */,
			);
			buildRules = (
			);
			dependencies = (
			);
			name = newStore;
			productName = newStore;
			productReference = 4F72C1AE1E88C18A0022B6B0 /* newStore.app */;
			productType = "com.apple.product-type.application";
		};
/* End PBXNativeTarget section */

/* Begin PBXProject section */
		4F72C1A61E88C1890022B6B0 /* Project object */ = {
			isa = PBXProject;
			attributes = {
				LastSwiftUpdateCheck = 0820;
				LastUpgradeCheck = 0820;
				ORGANIZATIONNAME = RadiuSense;
				TargetAttributes = {
					4F72C1AD1E88C1890022B6B0 = {
						CreatedOnToolsVersion = 8.2;
						DevelopmentTeam = Y4YLH4W88M;
						ProvisioningStyle = Automatic;
					};
				};
			};
			buildConfigurationList = 4F72C1A91E88C1890022B6B0 /* Build configuration list for PBXProject "newStore" */;
			compatibilityVersion = "Xcode 3.2";
			developmentRegion = English;
			hasScannedForEncodings = 0;
			knownRegions = (
				en,
				Base,
			);
			mainGroup = 4F72C1A51E88C1890022B6B0;
			productRefGroup = 4F72C1AF1E88C18A0022B6B0 /* Products */;
			projectDirPath = "";
			projectRoot = "";
			targets = (
				4F72C1AD1E88C1890022B6B0 /* newStore */,
			);
		};
/* End PBXProject section */

/* Begin PBXResourcesBuildPhase section */
		4F72C1AC1E88C1890022B6B0 /* Resources */ = {
			isa = PBXResourcesBuildPhase;
			buildActionMask = 2147483647;
			files = (
				4F72C1BC1E88C18B0022B6B0 /* LaunchScreen.storyboard in Resources */,
				4F72C1B91E88C18B0022B6B0 /* Assets.xcassets in Resources */,
				4F72C1B71E88C18B0022B6B0 /* Main.storyboard in Resources */,
			);
			runOnlyForDeploymentPostprocessing = 0;
		};
/* End PBXResourcesBuildPhase section */

/* Begin PBXShellScriptBuildPhase section */
		694149F83BB536CEF7DC8D1A /* [CP] Embed Pods Frameworks */ = {
			isa = PBXShellScriptBuildPhase;
			buildActionMask = 2147483647;
			files = (
			);
			inputPaths = (
			);
			name = "[CP] Embed Pods Frameworks";
			outputPaths = (
			);
			runOnlyForDeploymentPostprocessing = 0;
			shellPath = /bin/sh;
			shellScript = "\"${SRCROOT}/Pods/Target Support Files/Pods-newStore/Pods-newStore-frameworks.sh\"\n";
			showEnvVarsInLog = 0;
		};
		8C5DEDCD3FF07C445D2A910E /* [CP] Check Pods Manifest.lock */ = {
			isa = PBXShellScriptBuildPhase;
			buildActionMask = 2147483647;
			files = (
			);
			inputPaths = (
			);
			name = "[CP] Check Pods Manifest.lock";
			outputPaths = (
			);
			runOnlyForDeploymentPostprocessing = 0;
			shellPath = /bin/sh;
			shellScript = "diff \"${PODS_ROOT}/../Podfile.lock\" \"${PODS_ROOT}/Manifest.lock\" > /dev/null\nif [ $? != 0 ] ; then\n    # print error to STDERR\n    echo \"error: The sandbox is not in sync with the Podfile.lock. Run 'pod install' or update your CocoaPods installation.\" >&2\n    exit 1\nfi\n";
			showEnvVarsInLog = 0;
		};
		DD3D4991526076752E13A179 /* [CP] Copy Pods Resources */ = {
			isa = PBXShellScriptBuildPhase;
			buildActionMask = 2147483647;
			files = (
			);
			inputPaths = (
			);
			name = "[CP] Copy Pods Resources";
			outputPaths = (
			);
			runOnlyForDeploymentPostprocessing = 0;
			shellPath = /bin/sh;
			shellScript = "\"${SRCROOT}/Pods/Target Support Files/Pods-newStore/Pods-newStore-resources.sh\"\n";
			showEnvVarsInLog = 0;
		};
/* End PBXShellScriptBuildPhase section */

/* Begin PBXSourcesBuildPhase section */
		4F72C1AA1E88C1890022B6B0 /* Sources */ = {
			isa = PBXSourcesBuildPhase;
			buildActionMask = 2147483647;
			files = (
				4F72C1B41E88C18A0022B6B0 /* ViewController.swift in Sources */,
				4F72C1B21E88C18A0022B6B0 /* AppDelegate.swift in Sources */,
			);
			runOnlyForDeploymentPostprocessing = 0;
		};
/* End PBXSourcesBuildPhase section */

/* Begin PBXVariantGroup section */
		4F72C1B51E88C18B0022B6B0 /* Main.storyboard */ = {
			isa = PBXVariantGroup;
			children = (
				4F72C1B61E88C18B0022B6B0 /* Base */,
			);
			name = Main.storyboard;
			sourceTree = "<group>";
		};
		4F72C1BA1E88C18B0022B6B0 /* LaunchScreen.storyboard */ = {
			isa = PBXVariantGroup;
			children = (
				4F72C1BB1E88C18B0022B6B0 /* Base */,
			);
			name = LaunchScreen.storyboard;
			sourceTree = "<group>";
		};
/* End PBXVariantGroup section */

/* Begin XCBuildConfiguration section */
		4F72C1BE1E88C18B0022B6B0 /* Debug */ = {
			isa = XCBuildConfiguration;
			buildSettings = {
				ALWAYS_SEARCH_USER_PATHS = NO;
				CLANG_ANALYZER_NONNULL = YES;
				CLANG_CXX_LANGUAGE_STANDARD = "gnu++0x";
				CLANG_CXX_LIBRARY = "libc++";
				CLANG_ENABLE_MODULES = YES;
				CLANG_ENABLE_OBJC_ARC = YES;
				CLANG_WARN_BOOL_CONVERSION = YES;
				CLANG_WARN_CONSTANT_CONVERSION = YES;
				CLANG_WARN_DIRECT_OBJC_ISA_USAGE = YES_ERROR;
				CLANG_WARN_DOCUMENTATION_COMMENTS = YES;
				CLANG_WARN_EMPTY_BODY = YES;
				CLANG_WARN_ENUM_CONVERSION = YES;
				CLANG_WARN_INFINITE_RECURSION = YES;
				CLANG_WARN_INT_CONVERSION = YES;
				CLANG_WARN_OBJC_ROOT_CLASS = YES_ERROR;
				CLANG_WARN_SUSPICIOUS_MOVE = YES;
				CLANG_WARN_UNREACHABLE_CODE = YES;
				CLANG_WARN__DUPLICATE_METHOD_MATCH = YES;
				"CODE_SIGN_IDENTITY[sdk=iphoneos*]" = "iPhone Developer";
				COPY_PHASE_STRIP = NO;
				DEBUG_INFORMATION_FORMAT = dwarf;
				ENABLE_STRICT_OBJC_MSGSEND = YES;
				ENABLE_TESTABILITY = YES;
				GCC_C_LANGUAGE_STANDARD = gnu99;
				GCC_DYNAMIC_NO_PIC = NO;
				GCC_NO_COMMON_BLOCKS = YES;
				GCC_OPTIMIZATION_LEVEL = 0;
				GCC_PREPROCESSOR_DEFINITIONS = (
					"DEBUG=1",
					"$(inherited)",
				);
				GCC_WARN_64_TO_32_BIT_CONVERSION = YES;
				GCC_WARN_ABOUT_RETURN_TYPE = YES_ERROR;
				GCC_WARN_UNDECLARED_SELECTOR = YES;
				GCC_WARN_UNINITIALIZED_AUTOS = YES_AGGRESSIVE;
				GCC_WARN_UNUSED_FUNCTION = YES;
				GCC_WARN_UNUSED_VARIABLE = YES;
				IPHONEOS_DEPLOYMENT_TARGET = 10.2;
				MTL_ENABLE_DEBUG_INFO = YES;
				ONLY_ACTIVE_ARCH = YES;
				SDKROOT = iphoneos;
				SWIFT_ACTIVE_COMPILATION_CONDITIONS = DEBUG;
				SWIFT_OPTIMIZATION_LEVEL = "-Onone";
			};
			name = Debug;
		};
		4F72C1BF1E88C18B0022B6B0 /* Release */ = {
			isa = XCBuildConfiguration;
			buildSettings = {
				ALWAYS_SEARCH_USER_PATHS = NO;
				CLANG_ANALYZER_NONNULL = YES;
				CLANG_CXX_LANGUAGE_STANDARD = "gnu++0x";
				CLANG_CXX_LIBRARY = "libc++";
				CLANG_ENABLE_MODULES = YES;
				CLANG_ENABLE_OBJC_ARC = YES;
				CLANG_WARN_BOOL_CONVERSION = YES;
				CLANG_WARN_CONSTANT_CONVERSION = YES;
				CLANG_WARN_DIRECT_OBJC_ISA_USAGE = YES_ERROR;
				CLANG_WARN_DOCUMENTATION_COMMENTS = YES;
				CLANG_WARN_EMPTY_BODY = YES;
				CLANG_WARN_ENUM_CONVERSION = YES;
				CLANG_WARN_INFINITE_RECURSION = YES;
				CLANG_WARN_INT_CONVERSION = YES;
				CLANG_WARN_OBJC_ROOT_CLASS = YES_ERROR;
				CLANG_WARN_SUSPICIOUS_MOVE = YES;
				CLANG_WARN_UNREACHABLE_CODE = YES;
				CLANG_WARN__DUPLICATE_METHOD_MATCH = YES;
				"CODE_SIGN_IDENTITY[sdk=iphoneos*]" = "iPhone Developer";
				COPY_PHASE_STRIP = NO;
				DEBUG_INFORMATION_FORMAT = "dwarf-with-dsym";
				ENABLE_NS_ASSERTIONS = NO;
				ENABLE_STRICT_OBJC_MSGSEND = YES;
				GCC_C_LANGUAGE_STANDARD = gnu99;
				GCC_NO_COMMON_BLOCKS = YES;
				GCC_WARN_64_TO_32_BIT_CONVERSION = YES;
				GCC_WARN_ABOUT_RETURN_TYPE = YES_ERROR;
				GCC_WARN_UNDECLARED_SELECTOR = YES;
				GCC_WARN_UNINITIALIZED_AUTOS = YES_AGGRESSIVE;
				GCC_WARN_UNUSED_FUNCTION = YES;
				GCC_WARN_UNUSED_VARIABLE = YES;
				IPHONEOS_DEPLOYMENT_TARGET = 10.2;
				MTL_ENABLE_DEBUG_INFO = NO;
				SDKROOT = iphoneos;
				SWIFT_OPTIMIZATION_LEVEL = "-Owholemodule";
				VALIDATE_PRODUCT = YES;
			};
			name = Release;
		};
		4F72C1C11E88C18B0022B6B0 /* Debug */ = {
			isa = XCBuildConfiguration;
			baseConfigurationReference = 73FD7CC58B135E5F3143DB84 /* Pods-newStore.debug.xcconfig */;
			buildSettings = {
				ASSETCATALOG_COMPILER_APPICON_NAME = AppIcon;
				DEVELOPMENT_TEAM = Y4YLH4W88M;
				INFOPLIST_FILE = newStore/Info.plist;
				LD_RUNPATH_SEARCH_PATHS = "$(inherited) @executable_path/Frameworks";
				PRODUCT_BUNDLE_IDENTIFIER = com.radiusense.newStore;
				PRODUCT_NAME = "$(TARGET_NAME)";
				SWIFT_VERSION = 3.0;
			};
			name = Debug;
		};
		4F72C1C21E88C18B0022B6B0 /* Release */ = {
			isa = XCBuildConfiguration;
			baseConfigurationReference = 849CD236ADE3B5956DADB316 /* Pods-newStore.release.xcconfig */;
			buildSettings = {
				ASSETCATALOG_COMPILER_APPICON_NAME = AppIcon;
				DEVELOPMENT_TEAM = Y4YLH4W88M;
				INFOPLIST_FILE = newStore/Info.plist;
				LD_RUNPATH_SEARCH_PATHS = "$(inherited) @executable_path/Frameworks";
				PRODUCT_BUNDLE_IDENTIFIER = com.radiusense.newStore;
				PRODUCT_NAME = "$(TARGET_NAME)";
				SWIFT_VERSION = 3.0;
			};
			name = Release;
		};
/* End XCBuildConfiguration section */

/* Begin XCConfigurationList section */
		4F72C1A91E88C1890022B6B0 /* Build configuration list for PBXProject "newStore" */ = {
			isa = XCConfigurationList;
			buildConfigurations = (
				4F72C1BE1E88C18B0022B6B0 /* Debug */,
				4F72C1BF1E88C18B0022B6B0 /* Release */,
			);
			defaultConfigurationIsVisible = 0;
			defaultConfigurationName = Release;
		};
		4F72C1C01E88C18B0022B6B0 /* Build configuration list for PBXNativeTarget "newStore" */ = {
			isa = XCConfigurationList;
			buildConfigurations = (
				4F72C1C11E88C18B0022B6B0 /* Debug */,
				4F72C1C21E88C18B0022B6B0 /* Release */,
			);
			defaultConfigurationIsVisible = 0;
		};
/* End XCConfigurationList section */
	};
	rootObject = 4F72C1A61E88C1890022B6B0 /* Project object */;
}
